
Microsoft Visual Studio Solution File, Format Version 12.00
# Visual Studio Version 17
VisualStudioVersion = 17.0.31903.59
MinimumVisualStudioVersion = 10.0.40219.1
Project("{2150E333-8FDC-42A3-9474-1A3956D46DE8}") = "src", "src", "{74DC38C7-57A7-4458-ADC6-FB0E84D2D718}"
EndProject
Project("{FAE04EC0-301F-11D3-BF4B-00C04F79EFBC}") = "EtlMonitoring.Api", "src\EtlMonitoring.Api\EtlMonitoring.Api.csproj", "{516AB28C-8F94-43B2-BD91-B10DE4983119}"
EndProject
Project("{FAE04EC0-301F-11D3-BF4B-00C04F79EFBC}") = "EtlMonitoring.Core", "src\EtlMonitoring.Core\EtlMonitoring.Core.csproj", "{19887349-126C-40C2-AA73-C5BE1AA8C5A5}"
EndProject
Project("{FAE04EC0-301F-11D3-BF4B-00C04F79EFBC}") = "EtlMonitoring.Infrastructure", "src\EtlMonitoring.Infrastructure\EtlMonitoring.Infrastructure.csproj", "{7748E3F1-70B9-414A-9AC3-AC6FCF2ED915}"
EndProject
Global
	GlobalSection(SolutionConfigurationPlatforms) = preSolution
		Debug|Any CPU = Debug|Any CPU
		Release|Any CPU = Release|Any CPU
	EndGlobalSection
	GlobalSection(ProjectConfigurationPlatforms) = postSolution
		{516AB28C-8F94-43B2-BD91-B10DE4983119}.Debug|Any CPU.ActiveCfg = Debug|Any CPU
		{516AB28C-8F94-43B2-BD91-B10DE4983119}.Debug|Any CPU.Build.0 = Debug|Any CPU
		{516AB28C-8F94-43B2-BD91-B10DE4983119}.Release|Any CPU.ActiveCfg = Release|Any CPU
		{516AB28C-8F94-43B2-BD91-B10DE4983119}.Release|Any CPU.Build.0 = Release|Any CPU
		{19887349-126C-40C2-AA73-C5BE1AA8C5A5}.Debug|Any CPU.ActiveCfg = Debug|Any CPU
		{19887349-126C-40C2-AA73-C5BE1AA8C5A5}.Debug|Any CPU.Build.0 = Debug|Any CPU
		{19887349-126C-40C2-AA73-C5BE1AA8C5A5}.Release|Any CPU.ActiveCfg = Release|Any CPU
		{19887349-126C-40C2-AA73-C5BE1AA8C5A5}.Release|Any CPU.Build.0 = Release|Any CPU
		{7748E3F1-70B9-414A-9AC3-AC6FCF2ED915}.Debug|Any CPU.ActiveCfg = Debug|Any CPU
		{7748E3F1-70B9-414A-9AC3-AC6FCF2ED915}.Debug|Any CPU.Build.0 = Debug|Any CPU
		{7748E3F1-70B9-414A-9AC3-AC6FCF2ED915}.Release|Any CPU.ActiveCfg = Release|Any CPU
		{7748E3F1-70B9-414A-9AC3-AC6FCF2ED915}.Release|Any CPU.Build.0 = Release|Any CPU
	EndGlobalSection
	GlobalSection(SolutionProperties) = preSolution
		HideSolutionNode = FALSE
	EndGlobalSection
	GlobalSection(NestedProjects) = preSolution
		{516AB28C-8F94-43B2-BD91-B10DE4983119} = {74DC38C7-57A7-4458-ADC6-FB0E84D2D718}
		{19887349-126C-40C2-AA73-C5BE1AA8C5A5} = {74DC38C7-57A7-4458-ADC6-FB0E84D2D718}
		{7748E3F1-70B9-414A-9AC3-AC6FCF2ED915} = {74DC38C7-57A7-4458-ADC6-FB0E84D2D718}
	EndGlobalSection
EndGlobal
